
Microsoft Visual Studio Solution File, Format Version 12.00
# Visual Studio Version 16
VisualStudioVersion = 16.0.30114.105
MinimumVisualStudioVersion = 10.0.40219.1
Project("{FAE04EC0-301F-11D3-BF4B-00C04F79EFBC}") = "TaskManagment", "TaskManagment\TaskManagment.csproj", "{95ED942F-76B3-403B-8401-33D33F1CBFB4}"
EndProject
Global
	GlobalSection(SolutionConfigurationPlatforms) = preSolution
		Debug|Any CPU = Debug|Any CPU
		Release|Any CPU = Release|Any CPU
	EndGlobalSection
	GlobalSection(ProjectConfigurationPlatforms) = postSolution
		{95ED942F-76B3-403B-8401-33D33F1CBFB4}.Debug|Any CPU.ActiveCfg = Debug|Any CPU
		{95ED942F-76B3-403B-8401-33D33F1CBFB4}.Debug|Any CPU.Build.0 = Debug|Any CPU
		{95ED942F-76B3-403B-8401-33D33F1CBFB4}.Release|Any CPU.ActiveCfg = Release|Any CPU
		{95ED942F-76B3-403B-8401-33D33F1CBFB4}.Release|Any CPU.Build.0 = Release|Any CPU
	EndGlobalSection
	GlobalSection(SolutionProperties) = preSolution
		HideSolutionNode = FALSE
	EndGlobalSection
	GlobalSection(ExtensibilityGlobals) = postSolution
		SolutionGuid = {DA9D1139-1276-46D0-95A2-74E18192E004}
	EndGlobalSection
EndGlobal
